
Microsoft Visual Studio Solution File, Format Version 12.00
# Visual Studio Version 16
VisualStudioVersion = 16.0.29326.143
MinimumVisualStudioVersion = 10.0.40219.1
Project("{9A19103F-16F7-4668-BE54-9A1E7A4F7556}") = "activity-signup-service", "activity-signup-service\activity-signup-service.csproj", "{C165BCA4-2799-4786-A631-1AC44B829CEA}"
EndProject
Global
	GlobalSection(SolutionConfigurationPlatforms) = preSolution
		Debug|Any CPU = Debug|Any CPU
		Release|Any CPU = Release|Any CPU
	EndGlobalSection
	GlobalSection(ProjectConfigurationPlatforms) = postSolution
		{C165BCA4-2799-4786-A631-1AC44B829CEA}.Debug|Any CPU.ActiveCfg = Debug|Any CPU
		{C165BCA4-2799-4786-A631-1AC44B829CEA}.Debug|Any CPU.Build.0 = Debug|Any CPU
		{C165BCA4-2799-4786-A631-1AC44B829CEA}.Release|Any CPU.ActiveCfg = Release|Any CPU
		{C165BCA4-2799-4786-A631-1AC44B829CEA}.Release|Any CPU.Build.0 = Release|Any CPU
	EndGlobalSection
	GlobalSection(SolutionProperties) = preSolution
		HideSolutionNode = FALSE
	EndGlobalSection
	GlobalSection(ExtensibilityGlobals) = postSolution
		SolutionGuid = {6577F194-B8C4-42AE-8490-3F21FF720B0E}
	EndGlobalSection
EndGlobal
